
Microsoft Visual Studio Solution File, Format Version 12.00
# Visual Studio 2012
Project("{9092AA53-FB77-4645-B42D-1CCCA6BD08BD}") = "mediaUi", "mediaUi.njsproj", "{89558204-1B00-4754-8473-219DA8DA89B0}"
EndProject
Global
	GlobalSection(SolutionConfigurationPlatforms) = preSolution
		Debug|Any CPU = Debug|Any CPU
		Release|Any CPU = Release|Any CPU
	EndGlobalSection
	GlobalSection(ProjectConfigurationPlatforms) = postSolution
		{89558204-1B00-4754-8473-219DA8DA89B0}.Debug|Any CPU.ActiveCfg = Debug|Any CPU
		{89558204-1B00-4754-8473-219DA8DA89B0}.Debug|Any CPU.Build.0 = Debug|Any CPU
		{89558204-1B00-4754-8473-219DA8DA89B0}.Release|Any CPU.ActiveCfg = Release|Any CPU
		{89558204-1B00-4754-8473-219DA8DA89B0}.Release|Any CPU.Build.0 = Release|Any CPU
	EndGlobalSection
	GlobalSection(SolutionProperties) = preSolution
		HideSolutionNode = FALSE
	EndGlobalSection
EndGlobal
